
Microsoft Visual Studio Solution File, Format Version 12.00
# Visual Studio 2012
Project("{8BC9CEB8-8B4A-11D0-8D11-00A0C91BC942}") = "eosim1.1.1", "eosim1.1.1.vcxproj", "{BBA65B36-C6A1-42AB-A6BE-CF034EF1DC38}"
EndProject
Project("{8BC9CEB8-8B4A-11D0-8D11-00A0C91BC942}") = "hospital2", "Demos\hospital2\hospital2.vcxproj", "{1E884CFB-2950-47F3-9F6B-C6D4FD8CF00D}"
EndProject
Project("{8BC9CEB8-8B4A-11D0-8D11-00A0C91BC942}") = "hospital2G", "Demos\hospital2G\hospital2G.vcxproj", "{D3D8B3B3-7167-40D5-AEB4-A30F65FD705F}"
EndProject
Project("{8BC9CEB8-8B4A-11D0-8D11-00A0C91BC942}") = "repair3", "Demos\repair3\repair3.vcxproj", "{22B37545-EEF9-4C7D-9907-F229E4033F07}"
EndProject
Project("{8BC9CEB8-8B4A-11D0-8D11-00A0C91BC942}") = "traffic", "Demos\trafico\trafic.vcxproj", "{1E469272-BB0B-4873-92F4-B3E5F4DC412F}"
EndProject
Project("{8BC9CEB8-8B4A-11D0-8D11-00A0C91BC942}") = "hospitalComplejo", "Demos\hospitalComplejo\hospitalComplejo.vcxproj", "{C7F007A2-A034-42BC-8E03-B82CE4BB8D5D}"
EndProject
Global
	GlobalSection(SolutionConfigurationPlatforms) = preSolution
		Debug|Win32 = Debug|Win32
		Release|Win32 = Release|Win32
	EndGlobalSection
	GlobalSection(ProjectConfigurationPlatforms) = postSolution
		{BBA65B36-C6A1-42AB-A6BE-CF034EF1DC38}.Debug|Win32.ActiveCfg = Debug|Win32
		{BBA65B36-C6A1-42AB-A6BE-CF034EF1DC38}.Debug|Win32.Build.0 = Debug|Win32
		{BBA65B36-C6A1-42AB-A6BE-CF034EF1DC38}.Release|Win32.ActiveCfg = Release|Win32
		{BBA65B36-C6A1-42AB-A6BE-CF034EF1DC38}.Release|Win32.Build.0 = Release|Win32
		{1E884CFB-2950-47F3-9F6B-C6D4FD8CF00D}.Debug|Win32.ActiveCfg = Debug|Win32
		{1E884CFB-2950-47F3-9F6B-C6D4FD8CF00D}.Debug|Win32.Build.0 = Debug|Win32
		{1E884CFB-2950-47F3-9F6B-C6D4FD8CF00D}.Release|Win32.ActiveCfg = Release|Win32
		{1E884CFB-2950-47F3-9F6B-C6D4FD8CF00D}.Release|Win32.Build.0 = Release|Win32
		{D3D8B3B3-7167-40D5-AEB4-A30F65FD705F}.Debug|Win32.ActiveCfg = Debug|Win32
		{D3D8B3B3-7167-40D5-AEB4-A30F65FD705F}.Debug|Win32.Build.0 = Debug|Win32
		{D3D8B3B3-7167-40D5-AEB4-A30F65FD705F}.Release|Win32.ActiveCfg = Release|Win32
		{D3D8B3B3-7167-40D5-AEB4-A30F65FD705F}.Release|Win32.Build.0 = Release|Win32
		{22B37545-EEF9-4C7D-9907-F229E4033F07}.Debug|Win32.ActiveCfg = Debug|Win32
		{22B37545-EEF9-4C7D-9907-F229E4033F07}.Debug|Win32.Build.0 = Debug|Win32
		{22B37545-EEF9-4C7D-9907-F229E4033F07}.Release|Win32.ActiveCfg = Release|Win32
		{22B37545-EEF9-4C7D-9907-F229E4033F07}.Release|Win32.Build.0 = Release|Win32
		{1E469272-BB0B-4873-92F4-B3E5F4DC412F}.Debug|Win32.ActiveCfg = Debug|Win32
		{1E469272-BB0B-4873-92F4-B3E5F4DC412F}.Debug|Win32.Build.0 = Debug|Win32
		{1E469272-BB0B-4873-92F4-B3E5F4DC412F}.Release|Win32.ActiveCfg = Release|Win32
		{1E469272-BB0B-4873-92F4-B3E5F4DC412F}.Release|Win32.Build.0 = Release|Win32
		{C7F007A2-A034-42BC-8E03-B82CE4BB8D5D}.Debug|Win32.ActiveCfg = Debug|Win32
		{C7F007A2-A034-42BC-8E03-B82CE4BB8D5D}.Debug|Win32.Build.0 = Debug|Win32
		{C7F007A2-A034-42BC-8E03-B82CE4BB8D5D}.Release|Win32.ActiveCfg = Release|Win32
		{C7F007A2-A034-42BC-8E03-B82CE4BB8D5D}.Release|Win32.Build.0 = Release|Win32
	EndGlobalSection
	GlobalSection(SolutionProperties) = preSolution
		HideSolutionNode = FALSE
	EndGlobalSection
EndGlobal
