<?xml version="1.0" encoding="utf-8"?>
<Project ToolsVersion="4.0" xmlns="http://schemas.microsoft.com/developer/msbuild/2003">
  <ItemGroup>
    <ClCompile Include="events.cpp">
      <Filter>Source Files</Filter>
    </ClCompile>
    <ClCompile Include="main.cpp">
      <Filter>Source Files</Filter>
    </ClCompile>
    <ClCompile Include="traffic.cpp">
      <Filter>Source Files</Filter>
    </ClCompile>
  </ItemGroup>
  <ItemGroup>
    <ClInclude Include="constantes.hpp">
      <Filter>Header Files</Filter>
    </ClInclude>
    <ClInclude Include="events.hpp">
      <Filter>Header Files</Filter>
    </ClInclude>
    <ClInclude Include="traffic.hpp">
      <Filter>Header Files</Filter>
    </ClInclude>
    <ClInclude Include="vehiculo.hpp">
      <Filter>Header Files</Filter>
    </ClInclude>
    <ClInclude Include="Semaforo.hpp">
      <Filter>Header Files</Filter>
    </ClInclude>
  </ItemGroup>
  <ItemGroup>
    <Filter Include="Header Files">
      <UniqueIdentifier>{de70f7d6-1b43-4c3e-823e-17f5dd985e70}</UniqueIdentifier>
    </Filter>
    <Filter Include="Source Files">
      <UniqueIdentifier>{d96c7344-1956-4750-8a5a-32084d148fd8}</UniqueIdentifier>
    </Filter>
    <Filter Include="Images">
      <UniqueIdentifier>{7426e882-0c3c-403a-9ece-8c0dcf7dc11b}</UniqueIdentifier>
    </Filter>
  </ItemGroup>
  <ItemGroup>
    <Image Include="images\car1.png" />
    <Image Include="images\car2.png" />
    <Image Include="images\Fondo.jpg" />
    <Image Include="images\roja.png" />
    <Image Include="images\verde_l.png" />
    <Image Include="images\verde_r.png" />
  </ItemGroup>
</Project>